
Microsoft Visual Studio Solution File, Format Version 12.00
# Visual Studio Version 16
VisualStudioVersion = 16.0.29926.136
MinimumVisualStudioVersion = 10.0.40219.1
Project("{9A19103F-16F7-4668-BE54-9A1E7A4F7556}") = "Covid19.Common", "Covid19.Common\Covid19.Common.csproj", "{FDEC86BB-0E01-4975-8F7B-5DCFD3CFBE78}"
EndProject
Project("{2150E333-8FDC-42A3-9474-1A3956D46DE8}") = "Backend", "Backend", "{FA06E5CE-0532-47E8-AE59-0500AD180557}"
EndProject
Project("{2150E333-8FDC-42A3-9474-1A3956D46DE8}") = "Frontend", "Frontend", "{DFD296DE-052A-4B87-9B1E-4E19FA819C4B}"
EndProject
Project("{9A19103F-16F7-4668-BE54-9A1E7A4F7556}") = "Covid19.Web", "Covid19.Web\Covid19.Web.csproj", "{BF88D560-CE38-4608-96E9-4141AB537583}"
EndProject
Project("{2150E333-8FDC-42A3-9474-1A3956D46DE8}") = "Forms", "Forms", "{AC453647-413B-435D-9B81-AA21EAC1F53A}"
EndProject
Project("{2150E333-8FDC-42A3-9474-1A3956D46DE8}") = "Classic", "Classic", "{04D215EE-9129-498B-BE4C-0D7E3BF4B608}"
EndProject
Project("{9A19103F-16F7-4668-BE54-9A1E7A4F7556}") = "Covid19.UIClassic", "Covid19.UIClassic\Covid19.UIClassic.csproj", "{1E5D41DF-2E07-4B04-991B-9A17D97A3081}"
EndProject
Project("{FAE04EC0-301F-11D3-BF4B-00C04F79EFBC}") = "Covid19.UIClassic.iOS", "Covid19.UIClassic.iOS\Covid19.UIClassic.iOS.csproj", "{29883D9A-33B4-43A9-A922-9D6365C1F65F}"
EndProject
Project("{FAE04EC0-301F-11D3-BF4B-00C04F79EFBC}") = "Covid19.UIClassic.DroidApp", "Covid19.UIClassic.DroidApp\Covid19.UIClassic.DroidApp.csproj", "{170BAB46-6516-4AAD-87FE-3BA6F2F881CE}"
EndProject
Project("{FAE04EC0-301F-11D3-BF4B-00C04F79EFBC}") = "Covid19.UIForms.Android", "Covid19.UIForms\Covid19.UIForms.Android\Covid19.UIForms.Android.csproj", "{0DED755D-9001-42B8-9488-235BC18AA637}"
EndProject
Project("{FAE04EC0-301F-11D3-BF4B-00C04F79EFBC}") = "Covid19.UIForms.iOS", "Covid19.UIForms\Covid19.UIForms.iOS\Covid19.UIForms.iOS.csproj", "{9B4AA912-BBFC-46D9-8E8F-9DBB95F96FD6}"
EndProject
Project("{9A19103F-16F7-4668-BE54-9A1E7A4F7556}") = "Covid19.UIForms", "Covid19.UIForms\Covid19.UIForms\Covid19.UIForms.csproj", "{0BAA357E-42D3-4505-BB21-8DFECF6B2B60}"
EndProject
Global
	GlobalSection(SolutionConfigurationPlatforms) = preSolution
		Debug|Any CPU = Debug|Any CPU
		Debug|iPhone = Debug|iPhone
		Debug|iPhoneSimulator = Debug|iPhoneSimulator
		Release|Any CPU = Release|Any CPU
		Release|iPhone = Release|iPhone
		Release|iPhoneSimulator = Release|iPhoneSimulator
	EndGlobalSection
	GlobalSection(ProjectConfigurationPlatforms) = postSolution
		{FDEC86BB-0E01-4975-8F7B-5DCFD3CFBE78}.Debug|Any CPU.ActiveCfg = Debug|Any CPU
		{FDEC86BB-0E01-4975-8F7B-5DCFD3CFBE78}.Debug|Any CPU.Build.0 = Debug|Any CPU
		{FDEC86BB-0E01-4975-8F7B-5DCFD3CFBE78}.Debug|iPhone.ActiveCfg = Debug|Any CPU
		{FDEC86BB-0E01-4975-8F7B-5DCFD3CFBE78}.Debug|iPhone.Build.0 = Debug|Any CPU
		{FDEC86BB-0E01-4975-8F7B-5DCFD3CFBE78}.Debug|iPhoneSimulator.ActiveCfg = Debug|Any CPU
		{FDEC86BB-0E01-4975-8F7B-5DCFD3CFBE78}.Debug|iPhoneSimulator.Build.0 = Debug|Any CPU
		{FDEC86BB-0E01-4975-8F7B-5DCFD3CFBE78}.Release|Any CPU.ActiveCfg = Release|Any CPU
		{FDEC86BB-0E01-4975-8F7B-5DCFD3CFBE78}.Release|Any CPU.Build.0 = Release|Any CPU
		{FDEC86BB-0E01-4975-8F7B-5DCFD3CFBE78}.Release|iPhone.ActiveCfg = Release|Any CPU
		{FDEC86BB-0E01-4975-8F7B-5DCFD3CFBE78}.Release|iPhone.Build.0 = Release|Any CPU
		{FDEC86BB-0E01-4975-8F7B-5DCFD3CFBE78}.Release|iPhoneSimulator.ActiveCfg = Release|Any CPU
		{FDEC86BB-0E01-4975-8F7B-5DCFD3CFBE78}.Release|iPhoneSimulator.Build.0 = Release|Any CPU
		{BF88D560-CE38-4608-96E9-4141AB537583}.Debug|Any CPU.ActiveCfg = Debug|Any CPU
		{BF88D560-CE38-4608-96E9-4141AB537583}.Debug|Any CPU.Build.0 = Debug|Any CPU
		{BF88D560-CE38-4608-96E9-4141AB537583}.Debug|iPhone.ActiveCfg = Debug|Any CPU
		{BF88D560-CE38-4608-96E9-4141AB537583}.Debug|iPhone.Build.0 = Debug|Any CPU
		{BF88D560-CE38-4608-96E9-4141AB537583}.Debug|iPhoneSimulator.ActiveCfg = Debug|Any CPU
		{BF88D560-CE38-4608-96E9-4141AB537583}.Debug|iPhoneSimulator.Build.0 = Debug|Any CPU
		{BF88D560-CE38-4608-96E9-4141AB537583}.Release|Any CPU.ActiveCfg = Release|Any CPU
		{BF88D560-CE38-4608-96E9-4141AB537583}.Release|Any CPU.Build.0 = Release|Any CPU
		{BF88D560-CE38-4608-96E9-4141AB537583}.Release|iPhone.ActiveCfg = Release|Any CPU
		{BF88D560-CE38-4608-96E9-4141AB537583}.Release|iPhone.Build.0 = Release|Any CPU
		{BF88D560-CE38-4608-96E9-4141AB537583}.Release|iPhoneSimulator.ActiveCfg = Release|Any CPU
		{BF88D560-CE38-4608-96E9-4141AB537583}.Release|iPhoneSimulator.Build.0 = Release|Any CPU
		{1E5D41DF-2E07-4B04-991B-9A17D97A3081}.Debug|Any CPU.ActiveCfg = Debug|Any CPU
		{1E5D41DF-2E07-4B04-991B-9A17D97A3081}.Debug|Any CPU.Build.0 = Debug|Any CPU
		{1E5D41DF-2E07-4B04-991B-9A17D97A3081}.Debug|iPhone.ActiveCfg = Debug|Any CPU
		{1E5D41DF-2E07-4B04-991B-9A17D97A3081}.Debug|iPhone.Build.0 = Debug|Any CPU
		{1E5D41DF-2E07-4B04-991B-9A17D97A3081}.Debug|iPhoneSimulator.ActiveCfg = Debug|Any CPU
		{1E5D41DF-2E07-4B04-991B-9A17D97A3081}.Debug|iPhoneSimulator.Build.0 = Debug|Any CPU
		{1E5D41DF-2E07-4B04-991B-9A17D97A3081}.Release|Any CPU.ActiveCfg = Release|Any CPU
		{1E5D41DF-2E07-4B04-991B-9A17D97A3081}.Release|Any CPU.Build.0 = Release|Any CPU
		{1E5D41DF-2E07-4B04-991B-9A17D97A3081}.Release|iPhone.ActiveCfg = Release|Any CPU
		{1E5D41DF-2E07-4B04-991B-9A17D97A3081}.Release|iPhone.Build.0 = Release|Any CPU
		{1E5D41DF-2E07-4B04-991B-9A17D97A3081}.Release|iPhoneSimulator.ActiveCfg = Release|Any CPU
		{1E5D41DF-2E07-4B04-991B-9A17D97A3081}.Release|iPhoneSimulator.Build.0 = Release|Any CPU
		{29883D9A-33B4-43A9-A922-9D6365C1F65F}.Debug|Any CPU.ActiveCfg = Debug|iPhone
		{29883D9A-33B4-43A9-A922-9D6365C1F65F}.Debug|iPhone.ActiveCfg = Debug|iPhone
		{29883D9A-33B4-43A9-A922-9D6365C1F65F}.Debug|iPhone.Build.0 = Debug|iPhone
		{29883D9A-33B4-43A9-A922-9D6365C1F65F}.Debug|iPhoneSimulator.ActiveCfg = Debug|iPhoneSimulator
		{29883D9A-33B4-43A9-A922-9D6365C1F65F}.Debug|iPhoneSimulator.Build.0 = Debug|iPhoneSimulator
		{29883D9A-33B4-43A9-A922-9D6365C1F65F}.Release|Any CPU.ActiveCfg = Release|iPhone
		{29883D9A-33B4-43A9-A922-9D6365C1F65F}.Release|iPhone.ActiveCfg = Release|iPhone
		{29883D9A-33B4-43A9-A922-9D6365C1F65F}.Release|iPhone.Build.0 = Release|iPhone
		{29883D9A-33B4-43A9-A922-9D6365C1F65F}.Release|iPhoneSimulator.ActiveCfg = Release|iPhoneSimulator
		{29883D9A-33B4-43A9-A922-9D6365C1F65F}.Release|iPhoneSimulator.Build.0 = Release|iPhoneSimulator
		{170BAB46-6516-4AAD-87FE-3BA6F2F881CE}.Debug|Any CPU.ActiveCfg = Debug|Any CPU
		{170BAB46-6516-4AAD-87FE-3BA6F2F881CE}.Debug|Any CPU.Build.0 = Debug|Any CPU
		{170BAB46-6516-4AAD-87FE-3BA6F2F881CE}.Debug|Any CPU.Deploy.0 = Debug|Any CPU
		{170BAB46-6516-4AAD-87FE-3BA6F2F881CE}.Debug|iPhone.ActiveCfg = Debug|Any CPU
		{170BAB46-6516-4AAD-87FE-3BA6F2F881CE}.Debug|iPhone.Build.0 = Debug|Any CPU
		{170BAB46-6516-4AAD-87FE-3BA6F2F881CE}.Debug|iPhone.Deploy.0 = Debug|Any CPU
		{170BAB46-6516-4AAD-87FE-3BA6F2F881CE}.Debug|iPhoneSimulator.ActiveCfg = Debug|Any CPU
		{170BAB46-6516-4AAD-87FE-3BA6F2F881CE}.Debug|iPhoneSimulator.Build.0 = Debug|Any CPU
		{170BAB46-6516-4AAD-87FE-3BA6F2F881CE}.Debug|iPhoneSimulator.Deploy.0 = Debug|Any CPU
		{170BAB46-6516-4AAD-87FE-3BA6F2F881CE}.Release|Any CPU.ActiveCfg = Release|Any CPU
		{170BAB46-6516-4AAD-87FE-3BA6F2F881CE}.Release|Any CPU.Build.0 = Release|Any CPU
		{170BAB46-6516-4AAD-87FE-3BA6F2F881CE}.Release|Any CPU.Deploy.0 = Release|Any CPU
		{170BAB46-6516-4AAD-87FE-3BA6F2F881CE}.Release|iPhone.ActiveCfg = Release|Any CPU
		{170BAB46-6516-4AAD-87FE-3BA6F2F881CE}.Release|iPhone.Build.0 = Release|Any CPU
		{170BAB46-6516-4AAD-87FE-3BA6F2F881CE}.Release|iPhone.Deploy.0 = Release|Any CPU
		{170BAB46-6516-4AAD-87FE-3BA6F2F881CE}.Release|iPhoneSimulator.ActiveCfg = Release|Any CPU
		{170BAB46-6516-4AAD-87FE-3BA6F2F881CE}.Release|iPhoneSimulator.Build.0 = Release|Any CPU
		{170BAB46-6516-4AAD-87FE-3BA6F2F881CE}.Release|iPhoneSimulator.Deploy.0 = Release|Any CPU
		{0DED755D-9001-42B8-9488-235BC18AA637}.Debug|Any CPU.ActiveCfg = Debug|Any CPU
		{0DED755D-9001-42B8-9488-235BC18AA637}.Debug|Any CPU.Build.0 = Debug|Any CPU
		{0DED755D-9001-42B8-9488-235BC18AA637}.Debug|Any CPU.Deploy.0 = Debug|Any CPU
		{0DED755D-9001-42B8-9488-235BC18AA637}.Debug|iPhone.ActiveCfg = Debug|Any CPU
		{0DED755D-9001-42B8-9488-235BC18AA637}.Debug|iPhone.Build.0 = Debug|Any CPU
		{0DED755D-9001-42B8-9488-235BC18AA637}.Debug|iPhone.Deploy.0 = Debug|Any CPU
		{0DED755D-9001-42B8-9488-235BC18AA637}.Debug|iPhoneSimulator.ActiveCfg = Debug|Any CPU
		{0DED755D-9001-42B8-9488-235BC18AA637}.Debug|iPhoneSimulator.Build.0 = Debug|Any CPU
		{0DED755D-9001-42B8-9488-235BC18AA637}.Debug|iPhoneSimulator.Deploy.0 = Debug|Any CPU
		{0DED755D-9001-42B8-9488-235BC18AA637}.Release|Any CPU.ActiveCfg = Release|Any CPU
		{0DED755D-9001-42B8-9488-235BC18AA637}.Release|Any CPU.Build.0 = Release|Any CPU
		{0DED755D-9001-42B8-9488-235BC18AA637}.Release|Any CPU.Deploy.0 = Release|Any CPU
		{0DED755D-9001-42B8-9488-235BC18AA637}.Release|iPhone.ActiveCfg = Release|Any CPU
		{0DED755D-9001-42B8-9488-235BC18AA637}.Release|iPhone.Build.0 = Release|Any CPU
		{0DED755D-9001-42B8-9488-235BC18AA637}.Release|iPhone.Deploy.0 = Release|Any CPU
		{0DED755D-9001-42B8-9488-235BC18AA637}.Release|iPhoneSimulator.ActiveCfg = Release|Any CPU
		{0DED755D-9001-42B8-9488-235BC18AA637}.Release|iPhoneSimulator.Build.0 = Release|Any CPU
		{0DED755D-9001-42B8-9488-235BC18AA637}.Release|iPhoneSimulator.Deploy.0 = Release|Any CPU
		{9B4AA912-BBFC-46D9-8E8F-9DBB95F96FD6}.Debug|Any CPU.ActiveCfg = Debug|iPhone
		{9B4AA912-BBFC-46D9-8E8F-9DBB95F96FD6}.Debug|iPhone.ActiveCfg = Debug|iPhone
		{9B4AA912-BBFC-46D9-8E8F-9DBB95F96FD6}.Debug|iPhone.Build.0 = Debug|iPhone
		{9B4AA912-BBFC-46D9-8E8F-9DBB95F96FD6}.Debug|iPhoneSimulator.ActiveCfg = Debug|iPhoneSimulator
		{9B4AA912-BBFC-46D9-8E8F-9DBB95F96FD6}.Debug|iPhoneSimulator.Build.0 = Debug|iPhoneSimulator
		{9B4AA912-BBFC-46D9-8E8F-9DBB95F96FD6}.Release|Any CPU.ActiveCfg = Release|iPhone
		{9B4AA912-BBFC-46D9-8E8F-9DBB95F96FD6}.Release|iPhone.ActiveCfg = Release|iPhone
		{9B4AA912-BBFC-46D9-8E8F-9DBB95F96FD6}.Release|iPhone.Build.0 = Release|iPhone
		{9B4AA912-BBFC-46D9-8E8F-9DBB95F96FD6}.Release|iPhoneSimulator.ActiveCfg = Release|iPhoneSimulator
		{9B4AA912-BBFC-46D9-8E8F-9DBB95F96FD6}.Release|iPhoneSimulator.Build.0 = Release|iPhoneSimulator
		{0BAA357E-42D3-4505-BB21-8DFECF6B2B60}.Debug|Any CPU.ActiveCfg = Debug|Any CPU
		{0BAA357E-42D3-4505-BB21-8DFECF6B2B60}.Debug|Any CPU.Build.0 = Debug|Any CPU
		{0BAA357E-42D3-4505-BB21-8DFECF6B2B60}.Debug|iPhone.ActiveCfg = Debug|Any CPU
		{0BAA357E-42D3-4505-BB21-8DFECF6B2B60}.Debug|iPhone.Build.0 = Debug|Any CPU
		{0BAA357E-42D3-4505-BB21-8DFECF6B2B60}.Debug|iPhoneSimulator.ActiveCfg = Debug|Any CPU
		{0BAA357E-42D3-4505-BB21-8DFECF6B2B60}.Debug|iPhoneSimulator.Build.0 = Debug|Any CPU
		{0BAA357E-42D3-4505-BB21-8DFECF6B2B60}.Release|Any CPU.ActiveCfg = Release|Any CPU
		{0BAA357E-42D3-4505-BB21-8DFECF6B2B60}.Release|Any CPU.Build.0 = Release|Any CPU
		{0BAA357E-42D3-4505-BB21-8DFECF6B2B60}.Release|iPhone.ActiveCfg = Release|Any CPU
		{0BAA357E-42D3-4505-BB21-8DFECF6B2B60}.Release|iPhone.Build.0 = Release|Any CPU
		{0BAA357E-42D3-4505-BB21-8DFECF6B2B60}.Release|iPhoneSimulator.ActiveCfg = Release|Any CPU
		{0BAA357E-42D3-4505-BB21-8DFECF6B2B60}.Release|iPhoneSimulator.Build.0 = Release|Any CPU
	EndGlobalSection
	GlobalSection(SolutionProperties) = preSolution
		HideSolutionNode = FALSE
	EndGlobalSection
	GlobalSection(NestedProjects) = preSolution
		{BF88D560-CE38-4608-96E9-4141AB537583} = {FA06E5CE-0532-47E8-AE59-0500AD180557}
		{AC453647-413B-435D-9B81-AA21EAC1F53A} = {DFD296DE-052A-4B87-9B1E-4E19FA819C4B}
		{04D215EE-9129-498B-BE4C-0D7E3BF4B608} = {DFD296DE-052A-4B87-9B1E-4E19FA819C4B}
		{1E5D41DF-2E07-4B04-991B-9A17D97A3081} = {04D215EE-9129-498B-BE4C-0D7E3BF4B608}
		{29883D9A-33B4-43A9-A922-9D6365C1F65F} = {04D215EE-9129-498B-BE4C-0D7E3BF4B608}
		{170BAB46-6516-4AAD-87FE-3BA6F2F881CE} = {04D215EE-9129-498B-BE4C-0D7E3BF4B608}
		{0DED755D-9001-42B8-9488-235BC18AA637} = {AC453647-413B-435D-9B81-AA21EAC1F53A}
		{9B4AA912-BBFC-46D9-8E8F-9DBB95F96FD6} = {AC453647-413B-435D-9B81-AA21EAC1F53A}
		{0BAA357E-42D3-4505-BB21-8DFECF6B2B60} = {AC453647-413B-435D-9B81-AA21EAC1F53A}
	EndGlobalSection
	GlobalSection(ExtensibilityGlobals) = postSolution
		SolutionGuid = {7B05744B-AAF9-4CD2-98F4-E3DA57AFF1F5}
	EndGlobalSection
EndGlobal
